PODS:
  - MGSwipeTableCell (1.5.6)
  - SWTableViewCell (0.3.7)

DEPENDENCIES:
  - MGSwipeTableCell
  - SWTableViewCell (~> 0.3.7)

SPEC CHECKSUMS:
  MGSwipeTableCell: 616700eb0ffd1c611ba909066cb7fd739790a0a7
  SWTableViewCell: 2a94aadc9d47b2b611fa064566bf57948b95b579

PODFILE CHECKSUM: 5d900a9e759141b5605885e7d37d65a47fe0159b

COCOAPODS: 1.1.1
